// !$*UTF8*$!
{
	archiveVersion = 1;
	classes = {
	};
	objectVersion = 46;
	objects = {

/* Begin PBXBuildFile section */
		433DC9ED19F0C0B000F59E7A /* client.c in Sources */ = {isa = PBXBuildFile; fileRef = 433DC9EA19F0C0B000F59E7A /* client.c */; };
		433DC9EE19F0C0B000F59E7A /* main.c in Sources */ = {isa = PBXBuildFile; fileRef = 433DC9EC19F0C0B000F59E7A /* main.c */; };
		433DC9F319F0C0BA00F59E7A /* llist.c in Sources */ = {isa = PBXBuildFile; fileRef = 433DC9EF19F0C0BA00F59E7A /* llist.c */; };
		433DC9F819F0C0C200F59E7A /* main.c in Sources */ = {isa = PBXBuildFile; fileRef = 433DC9F519F0C0C200F59E7A /* main.c */; };
		433DC9F919F0C0C200F59E7A /* server.c in Sources */ = {isa = PBXBuildFile; fileRef = 433DC9F619F0C0C200F59E7A /* server.c */; };
		433DC9FA19F0C0E700F59E7A /* llist.c in Sources */ = {isa = PBXBuildFile; fileRef = 433DC9EF19F0C0BA00F59E7A /* llist.c */; };
		433DC9FB19F0C0E700F59E7A /* parser.c in Sources */ = {isa = PBXBuildFile; fileRef = 433DC9F119F0C0BA00F59E7A /* parser.c */; };
		43F463E319F0267400BCDF30 /* libpthread.dylib in Frameworks */ = {isa = PBXBuildFile; fileRef = 43F463E219F0267400BCDF30 /* libpthread.dylib */; };
/* End PBXBuildFile section */

/* Begin PBXCopyFilesBuildPhase section */
		43F463C519F0242E00BCDF30 /* CopyFiles */ = {
			isa = PBXCopyFilesBuildPhase;
			buildActionMask = 2147483647;
			dstPath = /usr/share/man/man1/;
			dstSubfolderSpec = 0;
			files = (
			);
			runOnlyForDeploymentPostprocessing = 1;
		};
		43F463E619F0279600BCDF30 /* CopyFiles */ = {
			isa = PBXCopyFilesBuildPhase;
			buildActionMask = 2147483647;
			dstPath = /usr/share/man/man1/;
			dstSubfolderSpec = 0;
			files = (
			);
			runOnlyForDeploymentPostprocessing = 1;
		};
/* End PBXCopyFilesBuildPhase section */

/* Begin PBXFileReference section */
		433DC9EA19F0C0B000F59E7A /* client.c */ = {isa = PBXFileReference; fileEncoding = 4; lastKnownFileType = sourcecode.c.c; path = client.c; sourceTree = "<group>"; };
		433DC9EB19F0C0B000F59E7A /* client.h */ = {isa = PBXFileReference; fileEncoding = 4; lastKnownFileType = sourcecode.c.h; path = client.h; sourceTree = "<group>"; };
		433DC9EC19F0C0B000F59E7A /* main.c */ = {isa = PBXFileReference; fileEncoding = 4; lastKnownFileType = sourcecode.c.c; path = main.c; sourceTree = "<group>"; };
		433DC9EF19F0C0BA00F59E7A /* llist.c */ = {isa = PBXFileReference; fileEncoding = 4; lastKnownFileType = sourcecode.c.c; name = llist.c; path = libs/llist.c; sourceTree = "<group>"; };
		433DC9F019F0C0BA00F59E7A /* llist.h */ = {isa = PBXFileReference; fileEncoding = 4; lastKnownFileType = sourcecode.c.h; name = llist.h; path = libs/llist.h; sourceTree = "<group>"; };
		433DC9F119F0C0BA00F59E7A /* parser.c */ = {isa = PBXFileReference; fileEncoding = 4; lastKnownFileType = sourcecode.c.c; name = parser.c; path = libs/parser.c; sourceTree = "<group>"; };
		433DC9F219F0C0BA00F59E7A /* parser.h */ = {isa = PBXFileReference; fileEncoding = 4; lastKnownFileType = sourcecode.c.h; name = parser.h; path = libs/parser.h; sourceTree = "<group>"; };
		433DC9F519F0C0C200F59E7A /* main.c */ = {isa = PBXFileReference; fileEncoding = 4; lastKnownFileType = sourcecode.c.c; path = main.c; sourceTree = "<group>"; };
		433DC9F619F0C0C200F59E7A /* server.c */ = {isa = PBXFileReference; fileEncoding = 4; lastKnownFileType = sourcecode.c.c; path = server.c; sourceTree = "<group>"; };
		433DC9F719F0C0C200F59E7A /* server.h */ = {isa = PBXFileReference; fileEncoding = 4; lastKnownFileType = sourcecode.c.h; path = server.h; sourceTree = "<group>"; };
		43F463C719F0242E00BCDF30 /* server */ = {isa = PBXFileReference; explicitFileType = "compiled.mach-o.executable"; includeInIndex = 0; path = server; sourceTree = BUILT_PRODUCTS_DIR; };
		43F463E219F0267400BCDF30 /* libpthread.dylib */ = {isa = PBXFileReference; lastKnownFileType = "compiled.mach-o.dylib"; name = libpthread.dylib; path = usr/lib/libpthread.dylib; sourceTree = SDKROOT; };
		43F463E819F0279600BCDF30 /* client */ = {isa = PBXFileReference; explicitFileType = "compiled.mach-o.executable"; includeInIndex = 0; path = client; sourceTree = BUILT_PRODUCTS_DIR; };
/* End PBXFileReference section */

/* Begin PBXFrameworksBuildPhase section */
		43F463C419F0242E00BCDF30 /* Frameworks */ = {
			isa = PBXFrameworksBuildPhase;
			buildActionMask = 2147483647;
			files = (
				43F463E319F0267400BCDF30 /* libpthread.dylib in Frameworks */,
			);
			runOnlyForDeploymentPostprocessing = 0;
		};
		43F463E519F0279600BCDF30 /* Frameworks */ = {
			isa = PBXFrameworksBuildPhase;
			buildActionMask = 2147483647;
			files = (
			);
			runOnlyForDeploymentPostprocessing = 0;
		};
/* End PBXFrameworksBuildPhase section */

/* Begin PBXGroup section */
		433DC9E219F0BBE200F59E7A /* libs */ = {
			isa = PBXGroup;
			children = (
				433DC9EF19F0C0BA00F59E7A /* llist.c */,
				433DC9F019F0C0BA00F59E7A /* llist.h */,
				433DC9F119F0C0BA00F59E7A /* parser.c */,
				433DC9F219F0C0BA00F59E7A /* parser.h */,
			);
			name = libs;
			sourceTree = "<group>";
		};
		43F463BE19F0242E00BCDF30 = {
			isa = PBXGroup;
			children = (
				43F463E219F0267400BCDF30 /* libpthread.dylib */,
				433DC9E219F0BBE200F59E7A /* libs */,
				43F463C919F0242E00BCDF30 /* server */,
				43F463E919F0279600BCDF30 /* client */,
				43F463C819F0242E00BCDF30 /* Products */,
			);
			sourceTree = "<group>";
		};
		43F463C819F0242E00BCDF30 /* Products */ = {
			isa = PBXGroup;
			children = (
				43F463C719F0242E00BCDF30 /* server */,
				43F463E819F0279600BCDF30 /* client */,
			);
			name = Products;
			sourceTree = "<group>";
		};
		43F463C919F0242E00BCDF30 /* server */ = {
			isa = PBXGroup;
			children = (
				433DC9F619F0C0C200F59E7A /* server.c */,
				433DC9F719F0C0C200F59E7A /* server.h */,
				433DC9F519F0C0C200F59E7A /* main.c */,
			);
			path = server;
			sourceTree = "<group>";
		};
		43F463E919F0279600BCDF30 /* client */ = {
			isa = PBXGroup;
			children = (
				433DC9EA19F0C0B000F59E7A /* client.c */,
				433DC9EB19F0C0B000F59E7A /* client.h */,
				433DC9EC19F0C0B000F59E7A /* main.c */,
			);
			path = client;
			sourceTree = "<group>";
		};
/* End PBXGroup section */

/* Begin PBXNativeTarget section */
		43F463C619F0242E00BCDF30 /* server */ = {
			isa = PBXNativeTarget;
			buildConfigurationList = 43F463CE19F0242E00BCDF30 /* Build configuration list for PBXNativeTarget "server" */;
			buildPhases = (
				43F463C319F0242E00BCDF30 /* Sources */,
				43F463C419F0242E00BCDF30 /* Frameworks */,
				43F463C519F0242E00BCDF30 /* CopyFiles */,
			);
			buildRules = (
			);
			dependencies = (
			);
			name = server;
			productName = server;
			productReference = 43F463C719F0242E00BCDF30 /* server */;
			productType = "com.apple.product-type.tool";
		};
		43F463E719F0279600BCDF30 /* client */ = {
			isa = PBXNativeTarget;
			buildConfigurationList = 43F463EC19F0279600BCDF30 /* Build configuration list for PBXNativeTarget "client" */;
			buildPhases = (
				43F463E419F0279600BCDF30 /* Sources */,
				43F463E519F0279600BCDF30 /* Frameworks */,
				43F463E619F0279600BCDF30 /* CopyFiles */,
			);
			buildRules = (
			);
			dependencies = (
			);
			name = client;
			productName = client;
			productReference = 43F463E819F0279600BCDF30 /* client */;
			productType = "com.apple.product-type.tool";
		};
/* End PBXNativeTarget section */

/* Begin PBXProject section */
		43F463BF19F0242E00BCDF30 /* Project object */ = {
			isa = PBXProject;
			attributes = {
				LastUpgradeCheck = 0600;
				ORGANIZATIONNAME = personal;
				TargetAttributes = {
					43F463C619F0242E00BCDF30 = {
						CreatedOnToolsVersion = 6.0.1;
					};
					43F463E719F0279600BCDF30 = {
						CreatedOnToolsVersion = 6.0.1;
					};
				};
			};
			buildConfigurationList = 43F463C219F0242E00BCDF30 /* Build configuration list for PBXProject "server" */;
			compatibilityVersion = "Xcode 3.2";
			developmentRegion = English;
			hasScannedForEncodings = 0;
			knownRegions = (
				en,
			);
			mainGroup = 43F463BE19F0242E00BCDF30;
			productRefGroup = 43F463C819F0242E00BCDF30 /* Products */;
			projectDirPath = "";
			projectRoot = "";
			targets = (
				43F463C619F0242E00BCDF30 /* server */,
				43F463E719F0279600BCDF30 /* client */,
			);
		};
/* End PBXProject section */

/* Begin PBXSourcesBuildPhase section */
		43F463C319F0242E00BCDF30 /* Sources */ = {
			isa = PBXSourcesBuildPhase;
			buildActionMask = 2147483647;
			files = (
				433DC9FA19F0C0E700F59E7A /* llist.c in Sources */,
				433DC9FB19F0C0E700F59E7A /* parser.c in Sources */,
				433DC9F919F0C0C200F59E7A /* server.c in Sources */,
				433DC9F819F0C0C200F59E7A /* main.c in Sources */,
			);
			runOnlyForDeploymentPostprocessing = 0;
		};
		43F463E419F0279600BCDF30 /* Sources */ = {
			isa = PBXSourcesBuildPhase;
			buildActionMask = 2147483647;
			files = (
				433DC9F319F0C0BA00F59E7A /* llist.c in Sources */,
				433DC9EE19F0C0B000F59E7A /* main.c in Sources */,
				433DC9ED19F0C0B000F59E7A /* client.c in Sources */,
			);
			runOnlyForDeploymentPostprocessing = 0;
		};
/* End PBXSourcesBuildPhase section */

/* Begin XCBuildConfiguration section */
		43F463CC19F0242E00BCDF30 /* Debug */ = {
			isa = XCBuildConfiguration;
			buildSettings = {
				ALWAYS_SEARCH_USER_PATHS = NO;
				CLANG_CXX_LANGUAGE_STANDARD = "gnu++0x";
				CLANG_CXX_LIBRARY = "libc++";
				CLANG_ENABLE_MODULES = YES;
				CLANG_ENABLE_OBJC_ARC = YES;
				CLANG_WARN_BOOL_CONVERSION = YES;
				CLANG_WARN_CONSTANT_CONVERSION = YES;
				CLANG_WARN_DIRECT_OBJC_ISA_USAGE = YES_ERROR;
				CLANG_WARN_EMPTY_BODY = YES;
				CLANG_WARN_ENUM_CONVERSION = YES;
				CLANG_WARN_INT_CONVERSION = YES;
				CLANG_WARN_OBJC_ROOT_CLASS = YES_ERROR;
				CLANG_WARN_UNREACHABLE_CODE = YES;
				CLANG_WARN__DUPLICATE_METHOD_MATCH = YES;
				COPY_PHASE_STRIP = NO;
				ENABLE_STRICT_OBJC_MSGSEND = YES;
				GCC_C_LANGUAGE_STANDARD = gnu99;
				GCC_DYNAMIC_NO_PIC = NO;
				GCC_OPTIMIZATION_LEVEL = 0;
				GCC_PREPROCESSOR_DEFINITIONS = (
					"DEBUG=1",
					"$(inherited)",
				);
				GCC_SYMBOLS_PRIVATE_EXTERN = NO;
				GCC_WARN_64_TO_32_BIT_CONVERSION = YES;
				GCC_WARN_ABOUT_RETURN_TYPE = YES_ERROR;
				GCC_WARN_UNDECLARED_SELECTOR = YES;
				GCC_WARN_UNINITIALIZED_AUTOS = YES_AGGRESSIVE;
				GCC_WARN_UNUSED_FUNCTION = YES;
				GCC_WARN_UNUSED_VARIABLE = YES;
				MACOSX_DEPLOYMENT_TARGET = 10.9;
				MTL_ENABLE_DEBUG_INFO = YES;
				ONLY_ACTIVE_ARCH = YES;
				SDKROOT = macosx;
			};
			name = Debug;
		};
		43F463CD19F0242E00BCDF30 /* Release */ = {
			isa = XCBuildConfiguration;
			buildSettings = {
				ALWAYS_SEARCH_USER_PATHS = NO;
				CLANG_CXX_LANGUAGE_STANDARD = "gnu++0x";
				CLANG_CXX_LIBRARY = "libc++";
				CLANG_ENABLE_MODULES = YES;
				CLANG_ENABLE_OBJC_ARC = YES;
				CLANG_WARN_BOOL_CONVERSION = YES;
				CLANG_WARN_CONSTANT_CONVERSION = YES;
				CLANG_WARN_DIRECT_OBJC_ISA_USAGE = YES_ERROR;
				CLANG_WARN_EMPTY_BODY = YES;
				CLANG_WARN_ENUM_CONVERSION = YES;
				CLANG_WARN_INT_CONVERSION = YES;
				CLANG_WARN_OBJC_ROOT_CLASS = YES_ERROR;
				CLANG_WARN_UNREACHABLE_CODE = YES;
				CLANG_WARN__DUPLICATE_METHOD_MATCH = YES;
				COPY_PHASE_STRIP = YES;
				DEBUG_INFORMATION_FORMAT = "dwarf-with-dsym";
				ENABLE_NS_ASSERTIONS = NO;
				ENABLE_STRICT_OBJC_MSGSEND = YES;
				GCC_C_LANGUAGE_STANDARD = gnu99;
				GCC_WARN_64_TO_32_BIT_CONVERSION = YES;
				GCC_WARN_ABOUT_RETURN_TYPE = YES_ERROR;
				GCC_WARN_UNDECLARED_SELECTOR = YES;
				GCC_WARN_UNINITIALIZED_AUTOS = YES_AGGRESSIVE;
				GCC_WARN_UNUSED_FUNCTION = YES;
				GCC_WARN_UNUSED_VARIABLE = YES;
				MACOSX_DEPLOYMENT_TARGET = 10.9;
				MTL_ENABLE_DEBUG_INFO = NO;
				SDKROOT = macosx;
			};
			name = Release;
		};
		43F463CF19F0242E00BCDF30 /* Debug */ = {
			isa = XCBuildConfiguration;
			buildSettings = {
				PRODUCT_NAME = "$(TARGET_NAME)";
			};
			name = Debug;
		};
		43F463D019F0242E00BCDF30 /* Release */ = {
			isa = XCBuildConfiguration;
			buildSettings = {
				PRODUCT_NAME = "$(TARGET_NAME)";
			};
			name = Release;
		};
		43F463ED19F0279600BCDF30 /* Debug */ = {
			isa = XCBuildConfiguration;
			buildSettings = {
				GCC_PREPROCESSOR_DEFINITIONS = (
					"DEBUG=1",
					"$(inherited)",
				);
				PRODUCT_NAME = "$(TARGET_NAME)";
			};
			name = Debug;
		};
		43F463EE19F0279600BCDF30 /* Release */ = {
			isa = XCBuildConfiguration;
			buildSettings = {
				PRODUCT_NAME = "$(TARGET_NAME)";
			};
			name = Release;
		};
/* End XCBuildConfiguration section */

/* Begin XCConfigurationList section */
		43F463C219F0242E00BCDF30 /* Build configuration list for PBXProject "server" */ = {
			isa = XCConfigurationList;
			buildConfigurations = (
				43F463CC19F0242E00BCDF30 /* Debug */,
				43F463CD19F0242E00BCDF30 /* Release */,
			);
			defaultConfigurationIsVisible = 0;
			defaultConfigurationName = Release;
		};
		43F463CE19F0242E00BCDF30 /* Build configuration list for PBXNativeTarget "server" */ = {
			isa = XCConfigurationList;
			buildConfigurations = (
				43F463CF19F0242E00BCDF30 /* Debug */,
				43F463D019F0242E00BCDF30 /* Release */,
			);
			defaultConfigurationIsVisible = 0;
			defaultConfigurationName = Release;
		};
		43F463EC19F0279600BCDF30 /* Build configuration list for PBXNativeTarget "client" */ = {
			isa = XCConfigurationList;
			buildConfigurations = (
				43F463ED19F0279600BCDF30 /* Debug */,
				43F463EE19F0279600BCDF30 /* Release */,
			);
			defaultConfigurationIsVisible = 0;
			defaultConfigurationName = Release;
		};
/* End XCConfigurationList section */
	};
	rootObject = 43F463BF19F0242E00BCDF30 /* Project object */;
}
